Microsoft Visual Studio Solution File, Format Version 12.00
# Visual Studio Version 17
VisualStudioVersion = 17.5.2.0
MinimumVisualStudioVersion = 10.0.40219.1
Project("{2150E333-8FDC-42A3-9474-1A3956D46DE8}") = "AppStage", "AppStage", "{B4F8668F-18DF-CB8A-567D-FB1D161B4582}"
EndProject
Project("{FAE04EC0-301F-11D3-BF4B-00C04F79EFBC}") = "backend", "AppStage\backend\backend.csproj", "{5CC007EA-F9A8-9646-5647-101AA104E6C3}"
EndProject
Global
	GlobalSection(SolutionConfigurationPlatforms) = preSolution
		Debug|Any CPU = Debug|Any CPU
		Release|Any CPU = Release|Any CPU
	EndGlobalSection
	GlobalSection(ProjectConfigurationPlatforms) = postSolution
		{5CC007EA-F9A8-9646-5647-101AA104E6C3}.Debug|Any CPU.ActiveCfg = Debug|Any CPU
		{5CC007EA-F9A8-9646-5647-101AA104E6C3}.Debug|Any CPU.Build.0 = Debug|Any CPU
		{5CC007EA-F9A8-9646-5647-101AA104E6C3}.Release|Any CPU.ActiveCfg = Release|Any CPU
		{5CC007EA-F9A8-9646-5647-101AA104E6C3}.Release|Any CPU.Build.0 = Release|Any CPU
	EndGlobalSection
	GlobalSection(SolutionProperties) = preSolution
		HideSolutionNode = FALSE
	EndGlobalSection
	GlobalSection(NestedProjects) = preSolution
		{5CC007EA-F9A8-9646-5647-101AA104E6C3} = {B4F8668F-18DF-CB8A-567D-FB1D161B4582}
	EndGlobalSection
	GlobalSection(ExtensibilityGlobals) = postSolution
		SolutionGuid = {A15AFB0A-2ED4-439B-9935-6A846E3CC9B6}
	EndGlobalSection
EndGlobal
